
Microsoft Visual Studio Solution File, Format Version 10.00
# Visual Studio 2008
Project("{2150E333-8FDC-42A3-9474-1A3956D46DE8}") = "SolutionItems", "SolutionItems", "{BD21978B-74BC-4F16-B755-77E6929DA129}"
	ProjectSection(SolutionItems) = preProject
		build.properties = build.properties
		changes.txt = changes.txt
		CustomTasks.build = CustomTasks.build
		license-GPL.txt = license-GPL.txt
		license.txt = license.txt
		Package.build = Package.build
		PublishWebsites.build = PublishWebsites.build
		Ra.build = Ra.build
		ReadMe.txt = ReadMe.txt
	EndProjectSection
EndProject
Project("{FAE04EC0-301F-11D3-BF4B-00C04F79EFBC}") = "Ra", "Ra\Ra.csproj", "{82727C73-0B10-4F58-93F4-841E9397302C}"
EndProject
Project("{FAE04EC0-301F-11D3-BF4B-00C04F79EFBC}") = "Ra.Build.Tasks", "Ra.Build.Tasks\Ra.Build.Tasks.csproj", "{704AE5D2-665F-472F-9BC2-C48B8E33DD0C}"
EndProject
Project("{FAE04EC0-301F-11D3-BF4B-00C04F79EFBC}") = "Ra.Extensions", "Ra.Extensions\Ra.Extensions.csproj", "{DA39B87F-8E68-4461-9C24-5778921497A5}"
EndProject
Project("{FAE04EC0-301F-11D3-BF4B-00C04F79EFBC}") = "Ra.Selector", "Ra.Selector\Ra.Selector.csproj", "{1D24FB65-C035-44E5-83A4-34AA1DA84BF4}"
EndProject
Project("{FAE04EC0-301F-11D3-BF4B-00C04F79EFBC}") = "Ra.Tests", "Ra.Tests\Ra.Tests.csproj", "{DB118D01-8674-4843-9A57-F99B810E4D16}"
EndProject
Project("{E24C65DC-7377-472B-9ABA-BC803B73C61A}") = "Ra.Samples", "Ra.Samples\", "{9917585A-2ED0-4338-80D2-B9DDD3183F90}"
	ProjectSection(WebsiteProperties) = preProject
		TargetFramework = "2.0"
		ProjectReferences = "{82727C73-0B10-4F58-93F4-841E9397302C}|Ra.dll;{DA39B87F-8E68-4461-9C24-5778921497A5}|Ra.Extensions.dll;{1D24FB65-C035-44E5-83A4-34AA1DA84BF4}|Ra.Selector.dll;{500E1B00-9C19-4A39-BBAF-D60BCFB76552}|Ra.Builder.dll;"
		Debug.AspNetCompiler.VirtualPath = "/Ra.Samples"
		Debug.AspNetCompiler.PhysicalPath = "Ra.Samples\"
		Debug.AspNetCompiler.TargetPath = "PrecompiledWeb\Ra.Samples\"
		Debug.AspNetCompiler.Updateable = "true"
		Debug.AspNetCompiler.ForceOverwrite = "true"
		Debug.AspNetCompiler.FixedNames = "false"
		Debug.AspNetCompiler.Debug = "True"
		Release.AspNetCompiler.VirtualPath = "/Ra.Samples"
		Release.AspNetCompiler.PhysicalPath = "Ra.Samples\"
		Release.AspNetCompiler.TargetPath = "PrecompiledWeb\Ra.Samples\"
		Release.AspNetCompiler.Updateable = "true"
		Release.AspNetCompiler.ForceOverwrite = "true"
		Release.AspNetCompiler.FixedNames = "false"
		Release.AspNetCompiler.Debug = "False"
		VWDPort = "63310"
	EndProjectSection
EndProject
Project("{E24C65DC-7377-472B-9ABA-BC803B73C61A}") = "Ra.Tests.WebSite", "Ra.Tests.WebSite\", "{EF017E8B-C5FA-4E8D-92F4-710BA7933DDF}"
	ProjectSection(WebsiteProperties) = preProject
		TargetFramework = "2.0"
		ProjectReferences = "{DA39B87F-8E68-4461-9C24-5778921497A5}|Ra.Extensions.dll;{1D24FB65-C035-44E5-83A4-34AA1DA84BF4}|Ra.Selector.dll;{82727C73-0B10-4F58-93F4-841E9397302C}|Ra.dll;{500E1B00-9C19-4A39-BBAF-D60BCFB76552}|Ra.Builder.dll;"
		Debug.AspNetCompiler.VirtualPath = "/Ra.Tests.WebSite"
		Debug.AspNetCompiler.PhysicalPath = "Ra.Tests.WebSite\"
		Debug.AspNetCompiler.TargetPath = "PrecompiledWeb\Ra.Tests.WebSite\"
		Debug.AspNetCompiler.Updateable = "true"
		Debug.AspNetCompiler.ForceOverwrite = "true"
		Debug.AspNetCompiler.FixedNames = "false"
		Debug.AspNetCompiler.Debug = "True"
		Release.AspNetCompiler.VirtualPath = "/Ra.Tests.WebSite"
		Release.AspNetCompiler.PhysicalPath = "Ra.Tests.WebSite\"
		Release.AspNetCompiler.TargetPath = "PrecompiledWeb\Ra.Tests.WebSite\"
		Release.AspNetCompiler.Updateable = "true"
		Release.AspNetCompiler.ForceOverwrite = "true"
		Release.AspNetCompiler.FixedNames = "false"
		Release.AspNetCompiler.Debug = "False"
		VWDPort = "63311"
	EndProjectSection
EndProject
Project("{E24C65DC-7377-472B-9ABA-BC803B73C61A}") = "Ra.WebSite", "Ra.WebSite\", "{A323A312-843F-4168-94E0-580D0B4E80F4}"
	ProjectSection(WebsiteProperties) = preProject
		TargetFramework = "2.0"
		ProjectReferences = "{82727C73-0B10-4F58-93F4-841E9397302C}|Ra.dll;{DA39B87F-8E68-4461-9C24-5778921497A5}|Ra.Extensions.dll;{1D24FB65-C035-44E5-83A4-34AA1DA84BF4}|Ra.Selector.dll;{500E1B00-9C19-4A39-BBAF-D60BCFB76552}|Ra.Builder.dll;"
		Debug.AspNetCompiler.VirtualPath = "/Ra.WebSite"
		Debug.AspNetCompiler.PhysicalPath = "Ra.WebSite\"
		Debug.AspNetCompiler.TargetPath = "PrecompiledWeb\Ra.WebSite\"
		Debug.AspNetCompiler.Updateable = "true"
		Debug.AspNetCompiler.ForceOverwrite = "true"
		Debug.AspNetCompiler.FixedNames = "false"
		Debug.AspNetCompiler.Debug = "True"
		Release.AspNetCompiler.VirtualPath = "/Ra.WebSite"
		Release.AspNetCompiler.PhysicalPath = "Ra.WebSite\"
		Release.AspNetCompiler.TargetPath = "PrecompiledWeb\Ra.WebSite\"
		Release.AspNetCompiler.Updateable = "true"
		Release.AspNetCompiler.ForceOverwrite = "true"
		Release.AspNetCompiler.FixedNames = "false"
		Release.AspNetCompiler.Debug = "False"
		VWDPort = "63312"
	EndProjectSection
EndProject
Project("{FAE04EC0-301F-11D3-BF4B-00C04F79EFBC}") = "Ra.Builder", "Ra.Builder\Ra.Builder.csproj", "{500E1B00-9C19-4A39-BBAF-D60BCFB76552}"
EndProject
Global
	GlobalSection(SolutionConfigurationPlatforms) = preSolution
		Debug|.NET = Debug|.NET
		Debug|Any CPU = Debug|Any CPU
		Debug|Mixed Platforms = Debug|Mixed Platforms
		Release|.NET = Release|.NET
		Release|Any CPU = Release|Any CPU
		Release|Mixed Platforms = Release|Mixed Platforms
	EndGlobalSection
	GlobalSection(ProjectConfigurationPlatforms) = postSolution
		{82727C73-0B10-4F58-93F4-841E9397302C}.Debug|.NET.ActiveCfg = Debug|Any CPU
		{82727C73-0B10-4F58-93F4-841E9397302C}.Debug|Any CPU.ActiveCfg = Debug|Any CPU
		{82727C73-0B10-4F58-93F4-841E9397302C}.Debug|Any CPU.Build.0 = Debug|Any CPU
		{82727C73-0B10-4F58-93F4-841E9397302C}.Debug|Mixed Platforms.ActiveCfg = Debug|Any CPU
		{82727C73-0B10-4F58-93F4-841E9397302C}.Debug|Mixed Platforms.Build.0 = Debug|Any CPU
		{82727C73-0B10-4F58-93F4-841E9397302C}.Release|.NET.ActiveCfg = Release|Any CPU
		{82727C73-0B10-4F58-93F4-841E9397302C}.Release|Any CPU.ActiveCfg = Release|Any CPU
		{82727C73-0B10-4F58-93F4-841E9397302C}.Release|Any CPU.Build.0 = Release|Any CPU
		{82727C73-0B10-4F58-93F4-841E9397302C}.Release|Mixed Platforms.ActiveCfg = Release|Any CPU
		{82727C73-0B10-4F58-93F4-841E9397302C}.Release|Mixed Platforms.Build.0 = Release|Any CPU
		{704AE5D2-665F-472F-9BC2-C48B8E33DD0C}.Debug|.NET.ActiveCfg = Debug|Any CPU
		{704AE5D2-665F-472F-9BC2-C48B8E33DD0C}.Debug|Any CPU.ActiveCfg = Debug|Any CPU
		{704AE5D2-665F-472F-9BC2-C48B8E33DD0C}.Debug|Any CPU.Build.0 = Debug|Any CPU
		{704AE5D2-665F-472F-9BC2-C48B8E33DD0C}.Debug|Mixed Platforms.ActiveCfg = Debug|Any CPU
		{704AE5D2-665F-472F-9BC2-C48B8E33DD0C}.Debug|Mixed Platforms.Build.0 = Debug|Any CPU
		{704AE5D2-665F-472F-9BC2-C48B8E33DD0C}.Release|.NET.ActiveCfg = Release|Any CPU
		{704AE5D2-665F-472F-9BC2-C48B8E33DD0C}.Release|Any CPU.ActiveCfg = Release|Any CPU
		{704AE5D2-665F-472F-9BC2-C48B8E33DD0C}.Release|Any CPU.Build.0 = Release|Any CPU
		{704AE5D2-665F-472F-9BC2-C48B8E33DD0C}.Release|Mixed Platforms.ActiveCfg = Release|Any CPU
		{704AE5D2-665F-472F-9BC2-C48B8E33DD0C}.Release|Mixed Platforms.Build.0 = Release|Any CPU
		{DA39B87F-8E68-4461-9C24-5778921497A5}.Debug|.NET.ActiveCfg = Debug|Any CPU
		{DA39B87F-8E68-4461-9C24-5778921497A5}.Debug|Any CPU.ActiveCfg = Debug|Any CPU
		{DA39B87F-8E68-4461-9C24-5778921497A5}.Debug|Any CPU.Build.0 = Debug|Any CPU
		{DA39B87F-8E68-4461-9C24-5778921497A5}.Debug|Mixed Platforms.ActiveCfg = Debug|Any CPU
		{DA39B87F-8E68-4461-9C24-5778921497A5}.Debug|Mixed Platforms.Build.0 = Debug|Any CPU
		{DA39B87F-8E68-4461-9C24-5778921497A5}.Release|.NET.ActiveCfg = Release|Any CPU
		{DA39B87F-8E68-4461-9C24-5778921497A5}.Release|Any CPU.ActiveCfg = Release|Any CPU
		{DA39B87F-8E68-4461-9C24-5778921497A5}.Release|Any CPU.Build.0 = Release|Any CPU
		{DA39B87F-8E68-4461-9C24-5778921497A5}.Release|Mixed Platforms.ActiveCfg = Release|Any CPU
		{DA39B87F-8E68-4461-9C24-5778921497A5}.Release|Mixed Platforms.Build.0 = Release|Any CPU
		{1D24FB65-C035-44E5-83A4-34AA1DA84BF4}.Debug|.NET.ActiveCfg = Debug|Any CPU
		{1D24FB65-C035-44E5-83A4-34AA1DA84BF4}.Debug|Any CPU.ActiveCfg = Debug|Any CPU
		{1D24FB65-C035-44E5-83A4-34AA1DA84BF4}.Debug|Any CPU.Build.0 = Debug|Any CPU
		{1D24FB65-C035-44E5-83A4-34AA1DA84BF4}.Debug|Mixed Platforms.ActiveCfg = Debug|Any CPU
		{1D24FB65-C035-44E5-83A4-34AA1DA84BF4}.Debug|Mixed Platforms.Build.0 = Debug|Any CPU
		{1D24FB65-C035-44E5-83A4-34AA1DA84BF4}.Release|.NET.ActiveCfg = Release|Any CPU
		{1D24FB65-C035-44E5-83A4-34AA1DA84BF4}.Release|Any CPU.ActiveCfg = Release|Any CPU
		{1D24FB65-C035-44E5-83A4-34AA1DA84BF4}.Release|Any CPU.Build.0 = Release|Any CPU
		{1D24FB65-C035-44E5-83A4-34AA1DA84BF4}.Release|Mixed Platforms.ActiveCfg = Release|Any CPU
		{1D24FB65-C035-44E5-83A4-34AA1DA84BF4}.Release|Mixed Platforms.Build.0 = Release|Any CPU
		{DB118D01-8674-4843-9A57-F99B810E4D16}.Debug|.NET.ActiveCfg = Debug|Any CPU
		{DB118D01-8674-4843-9A57-F99B810E4D16}.Debug|Any CPU.ActiveCfg = Debug|Any CPU
		{DB118D01-8674-4843-9A57-F99B810E4D16}.Debug|Any CPU.Build.0 = Debug|Any CPU
		{DB118D01-8674-4843-9A57-F99B810E4D16}.Debug|Mixed Platforms.ActiveCfg = Debug|Any CPU
		{DB118D01-8674-4843-9A57-F99B810E4D16}.Debug|Mixed Platforms.Build.0 = Debug|Any CPU
		{DB118D01-8674-4843-9A57-F99B810E4D16}.Release|.NET.ActiveCfg = Release|Any CPU
		{DB118D01-8674-4843-9A57-F99B810E4D16}.Release|Any CPU.ActiveCfg = Release|Any CPU
		{DB118D01-8674-4843-9A57-F99B810E4D16}.Release|Any CPU.Build.0 = Release|Any CPU
		{DB118D01-8674-4843-9A57-F99B810E4D16}.Release|Mixed Platforms.ActiveCfg = Release|Any CPU
		{DB118D01-8674-4843-9A57-F99B810E4D16}.Release|Mixed Platforms.Build.0 = Release|Any CPU
		{9917585A-2ED0-4338-80D2-B9DDD3183F90}.Debug|.NET.ActiveCfg = Debug|.NET
		{9917585A-2ED0-4338-80D2-B9DDD3183F90}.Debug|.NET.Build.0 = Debug|.NET
		{9917585A-2ED0-4338-80D2-B9DDD3183F90}.Debug|Any CPU.ActiveCfg = Debug|.NET
		{9917585A-2ED0-4338-80D2-B9DDD3183F90}.Debug|Mixed Platforms.ActiveCfg = Debug|.NET
		{9917585A-2ED0-4338-80D2-B9DDD3183F90}.Debug|Mixed Platforms.Build.0 = Debug|.NET
		{9917585A-2ED0-4338-80D2-B9DDD3183F90}.Release|.NET.ActiveCfg = Debug|.NET
		{9917585A-2ED0-4338-80D2-B9DDD3183F90}.Release|.NET.Build.0 = Debug|.NET
		{9917585A-2ED0-4338-80D2-B9DDD3183F90}.Release|Any CPU.ActiveCfg = Debug|.NET
		{9917585A-2ED0-4338-80D2-B9DDD3183F90}.Release|Mixed Platforms.ActiveCfg = Debug|.NET
		{9917585A-2ED0-4338-80D2-B9DDD3183F90}.Release|Mixed Platforms.Build.0 = Debug|.NET
		{EF017E8B-C5FA-4E8D-92F4-710BA7933DDF}.Debug|.NET.ActiveCfg = Debug|.NET
		{EF017E8B-C5FA-4E8D-92F4-710BA7933DDF}.Debug|.NET.Build.0 = Debug|.NET
		{EF017E8B-C5FA-4E8D-92F4-710BA7933DDF}.Debug|Any CPU.ActiveCfg = Debug|.NET
		{EF017E8B-C5FA-4E8D-92F4-710BA7933DDF}.Debug|Mixed Platforms.ActiveCfg = Debug|.NET
		{EF017E8B-C5FA-4E8D-92F4-710BA7933DDF}.Release|.NET.ActiveCfg = Debug|.NET
		{EF017E8B-C5FA-4E8D-92F4-710BA7933DDF}.Release|.NET.Build.0 = Debug|.NET
		{EF017E8B-C5FA-4E8D-92F4-710BA7933DDF}.Release|Any CPU.ActiveCfg = Debug|.NET
		{EF017E8B-C5FA-4E8D-92F4-710BA7933DDF}.Release|Mixed Platforms.ActiveCfg = Debug|.NET
		{EF017E8B-C5FA-4E8D-92F4-710BA7933DDF}.Release|Mixed Platforms.Build.0 = Debug|.NET
		{A323A312-843F-4168-94E0-580D0B4E80F4}.Debug|.NET.ActiveCfg = Debug|.NET
		{A323A312-843F-4168-94E0-580D0B4E80F4}.Debug|.NET.Build.0 = Debug|.NET
		{A323A312-843F-4168-94E0-580D0B4E80F4}.Debug|Any CPU.ActiveCfg = Debug|.NET
		{A323A312-843F-4168-94E0-580D0B4E80F4}.Debug|Mixed Platforms.ActiveCfg = Debug|.NET
		{A323A312-843F-4168-94E0-580D0B4E80F4}.Debug|Mixed Platforms.Build.0 = Debug|.NET
		{A323A312-843F-4168-94E0-580D0B4E80F4}.Release|.NET.ActiveCfg = Debug|.NET
		{A323A312-843F-4168-94E0-580D0B4E80F4}.Release|.NET.Build.0 = Debug|.NET
		{A323A312-843F-4168-94E0-580D0B4E80F4}.Release|Any CPU.ActiveCfg = Debug|.NET
		{A323A312-843F-4168-94E0-580D0B4E80F4}.Release|Mixed Platforms.ActiveCfg = Debug|.NET
		{A323A312-843F-4168-94E0-580D0B4E80F4}.Release|Mixed Platforms.Build.0 = Debug|.NET
		{500E1B00-9C19-4A39-BBAF-D60BCFB76552}.Debug|.NET.ActiveCfg = Debug|Any CPU
		{500E1B00-9C19-4A39-BBAF-D60BCFB76552}.Debug|Any CPU.ActiveCfg = Debug|Any CPU
		{500E1B00-9C19-4A39-BBAF-D60BCFB76552}.Debug|Any CPU.Build.0 = Debug|Any CPU
		{500E1B00-9C19-4A39-BBAF-D60BCFB76552}.Debug|Mixed Platforms.ActiveCfg = Debug|Any CPU
		{500E1B00-9C19-4A39-BBAF-D60BCFB76552}.Debug|Mixed Platforms.Build.0 = Debug|Any CPU
		{500E1B00-9C19-4A39-BBAF-D60BCFB76552}.Release|.NET.ActiveCfg = Release|Any CPU
		{500E1B00-9C19-4A39-BBAF-D60BCFB76552}.Release|Any CPU.ActiveCfg = Release|Any CPU
		{500E1B00-9C19-4A39-BBAF-D60BCFB76552}.Release|Any CPU.Build.0 = Release|Any CPU
		{500E1B00-9C19-4A39-BBAF-D60BCFB76552}.Release|Mixed Platforms.ActiveCfg = Release|Any CPU
		{500E1B00-9C19-4A39-BBAF-D60BCFB76552}.Release|Mixed Platforms.Build.0 = Release|Any CPU
	EndGlobalSection
	GlobalSection(SolutionProperties) = preSolution
		HideSolutionNode = FALSE
	EndGlobalSection
EndGlobal
