
Microsoft Visual Studio Solution File, Format Version 10.00
# Visual Studio 2008
Project("{FAE04EC0-301F-11D3-BF4B-00C04F79EFBC}") = "Extensions.VS2008", "Extensions\Extensions.VS2008.csproj", "{DA39B87F-8E68-4461-9C24-5778921497A5}"
EndProject
Project("{FAE04EC0-301F-11D3-BF4B-00C04F79EFBC}") = "Ra.VS2008", "Ra\Ra.VS2008.csproj", "{82727C73-0B10-4F58-93F4-841E9397302C}"
EndProject
Project("{FAE04EC0-301F-11D3-BF4B-00C04F79EFBC}") = "ResourceCacher.VS2008", "ResourceCacher\ResourceCacher.VS2008.csproj", "{D71BF1F1-FA92-4CA7-B76F-7E239CC2D69C}"
EndProject
Project("{E24C65DC-7377-472B-9ABA-BC803B73C61A}") = "Samples", "Samples\", "{3522C0C4-2191-4FC1-AE82-B46E7B31BBF6}"
	ProjectSection(WebsiteProperties) = preProject
		TargetFramework = "2.0"
		ProjectReferences = "{D71BF1F1-FA92-4CA7-B76F-7E239CC2D69C}|ResourceCacher.dll;{DA39B87F-8E68-4461-9C24-5778921497A5}|Extensions.dll;{82727C73-0B10-4F58-93F4-841E9397302C}|Ra.dll;"
		Debug.AspNetCompiler.VirtualPath = "/Samples"
		Debug.AspNetCompiler.PhysicalPath = "Samples\"
		Debug.AspNetCompiler.TargetPath = "PrecompiledWeb\Samples\"
		Debug.AspNetCompiler.Updateable = "true"
		Debug.AspNetCompiler.ForceOverwrite = "true"
		Debug.AspNetCompiler.FixedNames = "false"
		Debug.AspNetCompiler.Debug = "True"
		Release.AspNetCompiler.VirtualPath = "/Samples"
		Release.AspNetCompiler.PhysicalPath = "Samples\"
		Release.AspNetCompiler.TargetPath = "PrecompiledWeb\Samples\"
		Release.AspNetCompiler.Updateable = "true"
		Release.AspNetCompiler.ForceOverwrite = "true"
		Release.AspNetCompiler.FixedNames = "false"
		Release.AspNetCompiler.Debug = "False"
		VWDPort = "2592"
	EndProjectSection
EndProject
Project("{FAE04EC0-301F-11D3-BF4B-00C04F79EFBC}") = "Ra.Build.Tasks.VS2008", "Ra.Build.Tasks\Ra.Build.Tasks.VS2008.csproj", "{704AE5D2-665F-472F-9BC2-C48B8E33DD0C}"
EndProject
Project("{2150E333-8FDC-42A3-9474-1A3956D46DE8}") = "Solution Items", "Solution Items", "{2015A574-CB12-490B-88FA-79F5F1489389}"
	ProjectSection(SolutionItems) = preProject
		Package.build = Package.build
		PublishWebsites.build = PublishWebsites.build
		Ra.build = Ra.build
	EndProjectSection
EndProject
Project("{E24C65DC-7377-472B-9ABA-BC803B73C61A}") = "ra-website", "ra-website\", "{25FB56A2-7502-459D-963B-C025E34435CA}"
	ProjectSection(WebsiteProperties) = preProject
		TargetFramework = "2.0"
		ProjectReferences = "{DA39B87F-8E68-4461-9C24-5778921497A5}|Extensions.dll;{82727C73-0B10-4F58-93F4-841E9397302C}|Ra.dll;"
		Debug.AspNetCompiler.VirtualPath = "/ra-website"
		Debug.AspNetCompiler.PhysicalPath = "ra-website\"
		Debug.AspNetCompiler.TargetPath = "PrecompiledWeb\ra-website\"
		Debug.AspNetCompiler.Updateable = "true"
		Debug.AspNetCompiler.ForceOverwrite = "true"
		Debug.AspNetCompiler.FixedNames = "false"
		Debug.AspNetCompiler.Debug = "True"
		Release.AspNetCompiler.VirtualPath = "/ra-website"
		Release.AspNetCompiler.PhysicalPath = "ra-website\"
		Release.AspNetCompiler.TargetPath = "PrecompiledWeb\ra-website\"
		Release.AspNetCompiler.Updateable = "true"
		Release.AspNetCompiler.ForceOverwrite = "true"
		Release.AspNetCompiler.FixedNames = "false"
		Release.AspNetCompiler.Debug = "False"
		VWDPort = "2934"
	EndProjectSection
EndProject
Project("{FAE04EC0-301F-11D3-BF4B-00C04F79EFBC}") = "TestsRaDOM.VS2008", "TestsRaDOM\TestsRaDOM.VS2008.csproj", "{DB118D01-8674-4843-9A57-F99B810E4D16}"
EndProject
Project("{E24C65DC-7377-472B-9ABA-BC803B73C61A}") = "TestWebSite", "TestWebSite\", "{D349FCEF-F24B-4A84-BC33-04E4950F53C9}"
	ProjectSection(WebsiteProperties) = preProject
		TargetFramework = "2.0"
		ProjectReferences = "{DA39B87F-8E68-4461-9C24-5778921497A5}|Extensions.dll;{82727C73-0B10-4F58-93F4-841E9397302C}|Ra.dll;"
		Debug.AspNetCompiler.VirtualPath = "/TestWebSite"
		Debug.AspNetCompiler.PhysicalPath = "TestWebSite\"
		Debug.AspNetCompiler.TargetPath = "PrecompiledWeb\TestWebSite\"
		Debug.AspNetCompiler.Updateable = "true"
		Debug.AspNetCompiler.ForceOverwrite = "true"
		Debug.AspNetCompiler.FixedNames = "false"
		Debug.AspNetCompiler.Debug = "True"
		Release.AspNetCompiler.VirtualPath = "/TestWebSite"
		Release.AspNetCompiler.PhysicalPath = "TestWebSite\"
		Release.AspNetCompiler.TargetPath = "PrecompiledWeb\TestWebSite\"
		Release.AspNetCompiler.Updateable = "true"
		Release.AspNetCompiler.ForceOverwrite = "true"
		Release.AspNetCompiler.FixedNames = "false"
		Release.AspNetCompiler.Debug = "False"
		VWDPort = "60622"
	EndProjectSection
EndProject
Global
	GlobalSection(SolutionConfigurationPlatforms) = preSolution
		Debug|.NET = Debug|.NET
		Debug|Any CPU = Debug|Any CPU
		Debug|Mixed Platforms = Debug|Mixed Platforms
		Release|.NET = Release|.NET
		Release|Any CPU = Release|Any CPU
		Release|Mixed Platforms = Release|Mixed Platforms
	EndGlobalSection
	GlobalSection(ProjectConfigurationPlatforms) = postSolution
		{DA39B87F-8E68-4461-9C24-5778921497A5}.Debug|.NET.ActiveCfg = Debug|Any CPU
		{DA39B87F-8E68-4461-9C24-5778921497A5}.Debug|Any CPU.ActiveCfg = Debug|Any CPU
		{DA39B87F-8E68-4461-9C24-5778921497A5}.Debug|Any CPU.Build.0 = Debug|Any CPU
		{DA39B87F-8E68-4461-9C24-5778921497A5}.Debug|Mixed Platforms.ActiveCfg = Debug|Any CPU
		{DA39B87F-8E68-4461-9C24-5778921497A5}.Debug|Mixed Platforms.Build.0 = Debug|Any CPU
		{DA39B87F-8E68-4461-9C24-5778921497A5}.Release|.NET.ActiveCfg = Release|Any CPU
		{DA39B87F-8E68-4461-9C24-5778921497A5}.Release|Any CPU.ActiveCfg = Release|Any CPU
		{DA39B87F-8E68-4461-9C24-5778921497A5}.Release|Any CPU.Build.0 = Release|Any CPU
		{DA39B87F-8E68-4461-9C24-5778921497A5}.Release|Mixed Platforms.ActiveCfg = Release|Any CPU
		{DA39B87F-8E68-4461-9C24-5778921497A5}.Release|Mixed Platforms.Build.0 = Release|Any CPU
		{82727C73-0B10-4F58-93F4-841E9397302C}.Debug|.NET.ActiveCfg = Debug|Any CPU
		{82727C73-0B10-4F58-93F4-841E9397302C}.Debug|Any CPU.ActiveCfg = Debug|Any CPU
		{82727C73-0B10-4F58-93F4-841E9397302C}.Debug|Any CPU.Build.0 = Debug|Any CPU
		{82727C73-0B10-4F58-93F4-841E9397302C}.Debug|Mixed Platforms.ActiveCfg = Debug|Any CPU
		{82727C73-0B10-4F58-93F4-841E9397302C}.Debug|Mixed Platforms.Build.0 = Debug|Any CPU
		{82727C73-0B10-4F58-93F4-841E9397302C}.Release|.NET.ActiveCfg = Release|Any CPU
		{82727C73-0B10-4F58-93F4-841E9397302C}.Release|Any CPU.ActiveCfg = Release|Any CPU
		{82727C73-0B10-4F58-93F4-841E9397302C}.Release|Any CPU.Build.0 = Release|Any CPU
		{82727C73-0B10-4F58-93F4-841E9397302C}.Release|Mixed Platforms.ActiveCfg = Release|Any CPU
		{82727C73-0B10-4F58-93F4-841E9397302C}.Release|Mixed Platforms.Build.0 = Release|Any CPU
		{D71BF1F1-FA92-4CA7-B76F-7E239CC2D69C}.Debug|.NET.ActiveCfg = Debug|Any CPU
		{D71BF1F1-FA92-4CA7-B76F-7E239CC2D69C}.Debug|Any CPU.ActiveCfg = Debug|Any CPU
		{D71BF1F1-FA92-4CA7-B76F-7E239CC2D69C}.Debug|Any CPU.Build.0 = Debug|Any CPU
		{D71BF1F1-FA92-4CA7-B76F-7E239CC2D69C}.Debug|Mixed Platforms.ActiveCfg = Debug|Any CPU
		{D71BF1F1-FA92-4CA7-B76F-7E239CC2D69C}.Debug|Mixed Platforms.Build.0 = Debug|Any CPU
		{D71BF1F1-FA92-4CA7-B76F-7E239CC2D69C}.Release|.NET.ActiveCfg = Release|Any CPU
		{D71BF1F1-FA92-4CA7-B76F-7E239CC2D69C}.Release|Any CPU.ActiveCfg = Release|Any CPU
		{D71BF1F1-FA92-4CA7-B76F-7E239CC2D69C}.Release|Any CPU.Build.0 = Release|Any CPU
		{D71BF1F1-FA92-4CA7-B76F-7E239CC2D69C}.Release|Mixed Platforms.ActiveCfg = Release|Any CPU
		{D71BF1F1-FA92-4CA7-B76F-7E239CC2D69C}.Release|Mixed Platforms.Build.0 = Release|Any CPU
		{3522C0C4-2191-4FC1-AE82-B46E7B31BBF6}.Debug|.NET.ActiveCfg = Debug|.NET
		{3522C0C4-2191-4FC1-AE82-B46E7B31BBF6}.Debug|.NET.Build.0 = Debug|.NET
		{3522C0C4-2191-4FC1-AE82-B46E7B31BBF6}.Debug|Any CPU.ActiveCfg = Debug|.NET
		{3522C0C4-2191-4FC1-AE82-B46E7B31BBF6}.Debug|Mixed Platforms.ActiveCfg = Debug|.NET
		{3522C0C4-2191-4FC1-AE82-B46E7B31BBF6}.Debug|Mixed Platforms.Build.0 = Debug|.NET
		{3522C0C4-2191-4FC1-AE82-B46E7B31BBF6}.Release|.NET.ActiveCfg = Debug|.NET
		{3522C0C4-2191-4FC1-AE82-B46E7B31BBF6}.Release|.NET.Build.0 = Debug|.NET
		{3522C0C4-2191-4FC1-AE82-B46E7B31BBF6}.Release|Any CPU.ActiveCfg = Debug|.NET
		{3522C0C4-2191-4FC1-AE82-B46E7B31BBF6}.Release|Mixed Platforms.ActiveCfg = Debug|.NET
		{3522C0C4-2191-4FC1-AE82-B46E7B31BBF6}.Release|Mixed Platforms.Build.0 = Debug|.NET
		{704AE5D2-665F-472F-9BC2-C48B8E33DD0C}.Debug|.NET.ActiveCfg = Debug|Any CPU
		{704AE5D2-665F-472F-9BC2-C48B8E33DD0C}.Debug|Any CPU.ActiveCfg = Debug|Any CPU
		{704AE5D2-665F-472F-9BC2-C48B8E33DD0C}.Debug|Any CPU.Build.0 = Debug|Any CPU
		{704AE5D2-665F-472F-9BC2-C48B8E33DD0C}.Debug|Mixed Platforms.ActiveCfg = Debug|Any CPU
		{704AE5D2-665F-472F-9BC2-C48B8E33DD0C}.Release|.NET.ActiveCfg = Release|Any CPU
		{704AE5D2-665F-472F-9BC2-C48B8E33DD0C}.Release|Any CPU.ActiveCfg = Release|Any CPU
		{704AE5D2-665F-472F-9BC2-C48B8E33DD0C}.Release|Any CPU.Build.0 = Release|Any CPU
		{704AE5D2-665F-472F-9BC2-C48B8E33DD0C}.Release|Mixed Platforms.ActiveCfg = Release|Any CPU
		{704AE5D2-665F-472F-9BC2-C48B8E33DD0C}.Release|Mixed Platforms.Build.0 = Release|Any CPU
		{25FB56A2-7502-459D-963B-C025E34435CA}.Debug|.NET.ActiveCfg = Debug|Any CPU
		{25FB56A2-7502-459D-963B-C025E34435CA}.Debug|Any CPU.ActiveCfg = Debug|Any CPU
		{25FB56A2-7502-459D-963B-C025E34435CA}.Debug|Any CPU.Build.0 = Debug|Any CPU
		{25FB56A2-7502-459D-963B-C025E34435CA}.Debug|Mixed Platforms.ActiveCfg = Debug|Any CPU
		{25FB56A2-7502-459D-963B-C025E34435CA}.Debug|Mixed Platforms.Build.0 = Debug|Any CPU
		{25FB56A2-7502-459D-963B-C025E34435CA}.Release|.NET.ActiveCfg = Debug|Any CPU
		{25FB56A2-7502-459D-963B-C025E34435CA}.Release|Any CPU.ActiveCfg = Debug|Any CPU
		{25FB56A2-7502-459D-963B-C025E34435CA}.Release|Any CPU.Build.0 = Debug|Any CPU
		{25FB56A2-7502-459D-963B-C025E34435CA}.Release|Mixed Platforms.ActiveCfg = Debug|Any CPU
		{25FB56A2-7502-459D-963B-C025E34435CA}.Release|Mixed Platforms.Build.0 = Debug|Any CPU
		{DB118D01-8674-4843-9A57-F99B810E4D16}.Debug|.NET.ActiveCfg = Debug|Any CPU
		{DB118D01-8674-4843-9A57-F99B810E4D16}.Debug|Any CPU.ActiveCfg = Debug|Any CPU
		{DB118D01-8674-4843-9A57-F99B810E4D16}.Debug|Any CPU.Build.0 = Debug|Any CPU
		{DB118D01-8674-4843-9A57-F99B810E4D16}.Debug|Mixed Platforms.ActiveCfg = Debug|Any CPU
		{DB118D01-8674-4843-9A57-F99B810E4D16}.Debug|Mixed Platforms.Build.0 = Debug|Any CPU
		{DB118D01-8674-4843-9A57-F99B810E4D16}.Release|.NET.ActiveCfg = Release|Any CPU
		{DB118D01-8674-4843-9A57-F99B810E4D16}.Release|Any CPU.ActiveCfg = Release|Any CPU
		{DB118D01-8674-4843-9A57-F99B810E4D16}.Release|Any CPU.Build.0 = Release|Any CPU
		{DB118D01-8674-4843-9A57-F99B810E4D16}.Release|Mixed Platforms.ActiveCfg = Release|Any CPU
		{DB118D01-8674-4843-9A57-F99B810E4D16}.Release|Mixed Platforms.Build.0 = Release|Any CPU
		{D349FCEF-F24B-4A84-BC33-04E4950F53C9}.Debug|.NET.ActiveCfg = Debug|.NET
		{D349FCEF-F24B-4A84-BC33-04E4950F53C9}.Debug|.NET.Build.0 = Debug|.NET
		{D349FCEF-F24B-4A84-BC33-04E4950F53C9}.Debug|Any CPU.ActiveCfg = Debug|.NET
		{D349FCEF-F24B-4A84-BC33-04E4950F53C9}.Debug|Mixed Platforms.ActiveCfg = Debug|.NET
		{D349FCEF-F24B-4A84-BC33-04E4950F53C9}.Debug|Mixed Platforms.Build.0 = Debug|.NET
		{D349FCEF-F24B-4A84-BC33-04E4950F53C9}.Release|.NET.ActiveCfg = Debug|.NET
		{D349FCEF-F24B-4A84-BC33-04E4950F53C9}.Release|.NET.Build.0 = Debug|.NET
		{D349FCEF-F24B-4A84-BC33-04E4950F53C9}.Release|Any CPU.ActiveCfg = Debug|.NET
		{D349FCEF-F24B-4A84-BC33-04E4950F53C9}.Release|Mixed Platforms.ActiveCfg = Debug|.NET
		{D349FCEF-F24B-4A84-BC33-04E4950F53C9}.Release|Mixed Platforms.Build.0 = Debug|.NET
	EndGlobalSection
	GlobalSection(SolutionProperties) = preSolution
		HideSolutionNode = FALSE
	EndGlobalSection
EndGlobal
