
Microsoft Visual Studio Solution File, Format Version 10.00
# Visual Studio 2008
Project("{E24C65DC-7377-472B-9ABA-BC803B73C61A}") = "WebSite", "WebSite\", "{145E3B6C-EA14-4763-A21E-28407EC73C48}"
	ProjectSection(WebsiteProperties) = preProject
		TargetFramework = "3.5"
		ProjectReferences = "{DA39B87F-8E68-4461-9C24-5778921497A5}|Extensions.dll;{82727C73-0B10-4F58-93F4-841E9397302C}|Ra.dll;"
		Debug.AspNetCompiler.VirtualPath = "/WebSite"
		Debug.AspNetCompiler.PhysicalPath = "WebSite\"
		Debug.AspNetCompiler.TargetPath = "PrecompiledWeb\WebSite\"
		Debug.AspNetCompiler.Updateable = "true"
		Debug.AspNetCompiler.ForceOverwrite = "true"
		Debug.AspNetCompiler.FixedNames = "false"
		Debug.AspNetCompiler.Debug = "True"
		Release.AspNetCompiler.VirtualPath = "/WebSite"
		Release.AspNetCompiler.PhysicalPath = "WebSite\"
		Release.AspNetCompiler.TargetPath = "PrecompiledWeb\WebSite\"
		Release.AspNetCompiler.Updateable = "true"
		Release.AspNetCompiler.ForceOverwrite = "true"
		Release.AspNetCompiler.FixedNames = "false"
		Release.AspNetCompiler.Debug = "False"
		VWDPort = "54651"
		DefaultWebSiteLanguage = "Visual C#"
	EndProjectSection
EndProject
Project("{FAE04EC0-301F-11D3-BF4B-00C04F79EFBC}") = "Ra.VS2008", "..\..\Ra\Ra.VS2008.csproj", "{82727C73-0B10-4F58-93F4-841E9397302C}"
EndProject
Project("{FAE04EC0-301F-11D3-BF4B-00C04F79EFBC}") = "Extensions.VS2008", "..\..\Extensions\Extensions.VS2008.csproj", "{DA39B87F-8E68-4461-9C24-5778921497A5}"
EndProject
Global
	GlobalSection(SolutionConfigurationPlatforms) = preSolution
		Debug|.NET = Debug|.NET
		Debug|Any CPU = Debug|Any CPU
		Debug|Mixed Platforms = Debug|Mixed Platforms
		Release|.NET = Release|.NET
		Release|Any CPU = Release|Any CPU
		Release|Mixed Platforms = Release|Mixed Platforms
	EndGlobalSection
	GlobalSection(ProjectConfigurationPlatforms) = postSolution
		{145E3B6C-EA14-4763-A21E-28407EC73C48}.Debug|.NET.ActiveCfg = Debug|.NET
		{145E3B6C-EA14-4763-A21E-28407EC73C48}.Debug|.NET.Build.0 = Debug|.NET
		{145E3B6C-EA14-4763-A21E-28407EC73C48}.Debug|Any CPU.ActiveCfg = Debug|.NET
		{145E3B6C-EA14-4763-A21E-28407EC73C48}.Debug|Mixed Platforms.ActiveCfg = Debug|.NET
		{145E3B6C-EA14-4763-A21E-28407EC73C48}.Debug|Mixed Platforms.Build.0 = Debug|.NET
		{145E3B6C-EA14-4763-A21E-28407EC73C48}.Release|.NET.ActiveCfg = Debug|.NET
		{145E3B6C-EA14-4763-A21E-28407EC73C48}.Release|.NET.Build.0 = Debug|.NET
		{145E3B6C-EA14-4763-A21E-28407EC73C48}.Release|Any CPU.ActiveCfg = Debug|.NET
		{145E3B6C-EA14-4763-A21E-28407EC73C48}.Release|Mixed Platforms.ActiveCfg = Debug|.NET
		{145E3B6C-EA14-4763-A21E-28407EC73C48}.Release|Mixed Platforms.Build.0 = Debug|.NET
		{82727C73-0B10-4F58-93F4-841E9397302C}.Debug|.NET.ActiveCfg = Debug|Any CPU
		{82727C73-0B10-4F58-93F4-841E9397302C}.Debug|Any CPU.ActiveCfg = Debug|Any CPU
		{82727C73-0B10-4F58-93F4-841E9397302C}.Debug|Any CPU.Build.0 = Debug|Any CPU
		{82727C73-0B10-4F58-93F4-841E9397302C}.Debug|Mixed Platforms.ActiveCfg = Debug|Any CPU
		{82727C73-0B10-4F58-93F4-841E9397302C}.Debug|Mixed Platforms.Build.0 = Debug|Any CPU
		{82727C73-0B10-4F58-93F4-841E9397302C}.Release|.NET.ActiveCfg = Release|Any CPU
		{82727C73-0B10-4F58-93F4-841E9397302C}.Release|Any CPU.ActiveCfg = Release|Any CPU
		{82727C73-0B10-4F58-93F4-841E9397302C}.Release|Any CPU.Build.0 = Release|Any CPU
		{82727C73-0B10-4F58-93F4-841E9397302C}.Release|Mixed Platforms.ActiveCfg = Release|Any CPU
		{82727C73-0B10-4F58-93F4-841E9397302C}.Release|Mixed Platforms.Build.0 = Release|Any CPU
		{DA39B87F-8E68-4461-9C24-5778921497A5}.Debug|.NET.ActiveCfg = Debug|Any CPU
		{DA39B87F-8E68-4461-9C24-5778921497A5}.Debug|Any CPU.ActiveCfg = Debug|Any CPU
		{DA39B87F-8E68-4461-9C24-5778921497A5}.Debug|Any CPU.Build.0 = Debug|Any CPU
		{DA39B87F-8E68-4461-9C24-5778921497A5}.Debug|Mixed Platforms.ActiveCfg = Debug|Any CPU
		{DA39B87F-8E68-4461-9C24-5778921497A5}.Debug|Mixed Platforms.Build.0 = Debug|Any CPU
		{DA39B87F-8E68-4461-9C24-5778921497A5}.Release|.NET.ActiveCfg = Release|Any CPU
		{DA39B87F-8E68-4461-9C24-5778921497A5}.Release|Any CPU.ActiveCfg = Release|Any CPU
		{DA39B87F-8E68-4461-9C24-5778921497A5}.Release|Any CPU.Build.0 = Release|Any CPU
		{DA39B87F-8E68-4461-9C24-5778921497A5}.Release|Mixed Platforms.ActiveCfg = Release|Any CPU
		{DA39B87F-8E68-4461-9C24-5778921497A5}.Release|Mixed Platforms.Build.0 = Release|Any CPU
	EndGlobalSection
	GlobalSection(SolutionProperties) = preSolution
		HideSolutionNode = FALSE
	EndGlobalSection
EndGlobal
